// !$*UTF8*$!
{
	archiveVersion = 1;
	classes = {
	};
	objectVersion = 46;
	objects = {

/* Begin PBXBuildFile section */
		1A33434B1D5A14790026CCE2 /* EEntity.cpp in Sources */ = {isa = PBXBuildFile; fileRef = 1A3342F71D5A14790026CCE2 /* EEntity.cpp */; };
		1A33434C1D5A14790026CCE2 /* EQuad.cpp in Sources */ = {isa = PBXBuildFile; fileRef = 1A3342F91D5A14790026CCE2 /* EQuad.cpp */; };
		1A33434D1D5A14790026CCE2 /* FFeature.cpp in Sources */ = {isa = PBXBuildFile; fileRef = 1A3342FC1D5A14790026CCE2 /* FFeature.cpp */; };
		1A33434E1D5A14790026CCE2 /* FUpdatable.cpp in Sources */ = {isa = PBXBuildFile; fileRef = 1A3342FE1D5A14790026CCE2 /* FUpdatable.cpp */; };
		1A33434F1D5A14790026CCE2 /* FRenderable.cpp in Sources */ = {isa = PBXBuildFile; fileRef = 1A3343011D5A14790026CCE2 /* FRenderable.cpp */; };
		1A3343501D5A14790026CCE2 /* FRenderable2d.cpp in Sources */ = {isa = PBXBuildFile; fileRef = 1A3343031D5A14790026CCE2 /* FRenderable2d.cpp */; };
		1A3343511D5A14790026CCE2 /* Scene.cpp in Sources */ = {isa = PBXBuildFile; fileRef = 1A3343051D5A14790026CCE2 /* Scene.cpp */; };
		1A3343521D5A14790026CCE2 /* SceneService.cpp in Sources */ = {isa = PBXBuildFile; fileRef = 1A3343071D5A14790026CCE2 /* SceneService.cpp */; };
		1A3343531D5A14790026CCE2 /* Transform.cpp in Sources */ = {isa = PBXBuildFile; fileRef = 1A3343091D5A14790026CCE2 /* Transform.cpp */; };
		1A3343541D5A14790026CCE2 /* OglGpuIndexBuffer.cpp in Sources */ = {isa = PBXBuildFile; fileRef = 1A3343131D5A14790026CCE2 /* OglGpuIndexBuffer.cpp */; };
		1A3343551D5A14790026CCE2 /* OglGpuRawBuffer.cpp in Sources */ = {isa = PBXBuildFile; fileRef = 1A3343151D5A14790026CCE2 /* OglGpuRawBuffer.cpp */; };
		1A3343561D5A14790026CCE2 /* OglGpuVertexBuffer.cpp in Sources */ = {isa = PBXBuildFile; fileRef = 1A3343171D5A14790026CCE2 /* OglGpuVertexBuffer.cpp */; };
		1A3343571D5A14790026CCE2 /* GraphicsService.cpp in Sources */ = {isa = PBXBuildFile; fileRef = 1A33431A1D5A14790026CCE2 /* GraphicsService.cpp */; };
		1A3343581D5A14790026CCE2 /* Material.cpp in Sources */ = {isa = PBXBuildFile; fileRef = 1A33431D1D5A14790026CCE2 /* Material.cpp */; };
		1A3343591D5A14790026CCE2 /* Shader.cpp in Sources */ = {isa = PBXBuildFile; fileRef = 1A3343211D5A14790026CCE2 /* Shader.cpp */; };
		1A33435A1D5A14790026CCE2 /* AbstractRenderer.cpp in Sources */ = {isa = PBXBuildFile; fileRef = 1A3343241D5A14790026CCE2 /* AbstractRenderer.cpp */; };
		1A33435B1D5A14790026CCE2 /* AbstractOglRenderer.cpp in Sources */ = {isa = PBXBuildFile; fileRef = 1A3343281D5A14790026CCE2 /* AbstractOglRenderer.cpp */; };
		1A33435C1D5A14790026CCE2 /* BasicRenderer2d.cpp in Sources */ = {isa = PBXBuildFile; fileRef = 1A33432A1D5A14790026CCE2 /* BasicRenderer2d.cpp */; };
		1A33435D1D5A14790026CCE2 /* RenderData.cpp in Sources */ = {isa = PBXBuildFile; fileRef = 1A33432C1D5A14790026CCE2 /* RenderData.cpp */; };
		1A33435E1D5A14790026CCE2 /* Application.cpp in Sources */ = {isa = PBXBuildFile; fileRef = 1A33432F1D5A14790026CCE2 /* Application.cpp */; };
		1A33435F1D5A14790026CCE2 /* EventService.cpp in Sources */ = {isa = PBXBuildFile; fileRef = 1A3343311D5A14790026CCE2 /* EventService.cpp */; };
		1A3343601D5A14790026CCE2 /* SString.cpp in Sources */ = {isa = PBXBuildFile; fileRef = 1A3343351D5A14790026CCE2 /* SString.cpp */; };
		1A3343611D5A14790026CCE2 /* Window.cpp in Sources */ = {isa = PBXBuildFile; fileRef = 1A3343371D5A14790026CCE2 /* Window.cpp */; };
		1A3343621D5A14790026CCE2 /* Mesh.cpp in Sources */ = {isa = PBXBuildFile; fileRef = 1A33433A1D5A14790026CCE2 /* Mesh.cpp */; };
		1A3343631D5A14790026CCE2 /* Quad.cpp in Sources */ = {isa = PBXBuildFile; fileRef = 1A33433C1D5A14790026CCE2 /* Quad.cpp */; };
		1A3343641D5A14790026CCE2 /* Vertex.cpp in Sources */ = {isa = PBXBuildFile; fileRef = 1A33433E1D5A14790026CCE2 /* Vertex.cpp */; };
		1A3343651D5A14790026CCE2 /* SmartLogger.cpp in Sources */ = {isa = PBXBuildFile; fileRef = 1A3343451D5A14790026CCE2 /* SmartLogger.cpp */; };
		1A3343661D5A14790026CCE2 /* StringUtils.cpp in Sources */ = {isa = PBXBuildFile; fileRef = 1A3343471D5A14790026CCE2 /* StringUtils.cpp */; };
		1A3343671D5A14790026CCE2 /* Timer.cpp in Sources */ = {isa = PBXBuildFile; fileRef = 1A3343491D5A14790026CCE2 /* Timer.cpp */; };
		1A51D36B1D5A31EE00A67D0B /* OpenGL.framework in Frameworks */ = {isa = PBXBuildFile; fileRef = 1A51D36A1D5A31EE00A67D0B /* OpenGL.framework */; };
		1ADED30F1D59D31C0013143F /* main.cpp in Sources */ = {isa = PBXBuildFile; fileRef = 1ADED30E1D59D31C0013143F /* main.cpp */; };
/* End PBXBuildFile section */

/* Begin PBXCopyFilesBuildPhase section */
		1ADED3091D59D31C0013143F /* CopyFiles */ = {
			isa = PBXCopyFilesBuildPhase;
			buildActionMask = 2147483647;
			dstPath = /usr/share/man/man1/;
			dstSubfolderSpec = 0;
			files = (
			);
			runOnlyForDeploymentPostprocessing = 1;
		};
/* End PBXCopyFilesBuildPhase section */

/* Begin PBXFileReference section */
		1A3342F71D5A14790026CCE2 /* EEntity.cpp */ = {isa = PBXFileReference; fileEncoding = 4; lastKnownFileType = sourcecode.cpp.cpp; path = EEntity.cpp; sourceTree = "<group>"; };
		1A3342F81D5A14790026CCE2 /* EEntity.h */ = {isa = PBXFileReference; fileEncoding = 4; lastKnownFileType = sourcecode.c.h; path = EEntity.h; sourceTree = "<group>"; };
		1A3342F91D5A14790026CCE2 /* EQuad.cpp */ = {isa = PBXFileReference; fileEncoding = 4; lastKnownFileType = sourcecode.cpp.cpp; path = EQuad.cpp; sourceTree = "<group>"; };
		1A3342FA1D5A14790026CCE2 /* EQuad.h */ = {isa = PBXFileReference; fileEncoding = 4; lastKnownFileType = sourcecode.c.h; path = EQuad.h; sourceTree = "<group>"; };
		1A3342FC1D5A14790026CCE2 /* FFeature.cpp */ = {isa = PBXFileReference; fileEncoding = 4; lastKnownFileType = sourcecode.cpp.cpp; path = FFeature.cpp; sourceTree = "<group>"; };
		1A3342FD1D5A14790026CCE2 /* FFeature.h */ = {isa = PBXFileReference; fileEncoding = 4; lastKnownFileType = sourcecode.c.h; path = FFeature.h; sourceTree = "<group>"; };
		1A3342FE1D5A14790026CCE2 /* FUpdatable.cpp */ = {isa = PBXFileReference; fileEncoding = 4; lastKnownFileType = sourcecode.cpp.cpp; path = FUpdatable.cpp; sourceTree = "<group>"; };
		1A3342FF1D5A14790026CCE2 /* FUpdatable.h */ = {isa = PBXFileReference; fileEncoding = 4; lastKnownFileType = sourcecode.c.h; path = FUpdatable.h; sourceTree = "<group>"; };
		1A3343011D5A14790026CCE2 /* FRenderable.cpp */ = {isa = PBXFileReference; fileEncoding = 4; lastKnownFileType = sourcecode.cpp.cpp; path = FRenderable.cpp; sourceTree = "<group>"; };
		1A3343021D5A14790026CCE2 /* FRenderable.h */ = {isa = PBXFileReference; fileEncoding = 4; lastKnownFileType = sourcecode.c.h; path = FRenderable.h; sourceTree = "<group>"; };
		1A3343031D5A14790026CCE2 /* FRenderable2d.cpp */ = {isa = PBXFileReference; fileEncoding = 4; lastKnownFileType = sourcecode.cpp.cpp; path = FRenderable2d.cpp; sourceTree = "<group>"; };
		1A3343041D5A14790026CCE2 /* FRenderable2d.h */ = {isa = PBXFileReference; fileEncoding = 4; lastKnownFileType = sourcecode.c.h; path = FRenderable2d.h; sourceTree = "<group>"; };
		1A3343051D5A14790026CCE2 /* Scene.cpp */ = {isa = PBXFileReference; fileEncoding = 4; lastKnownFileType = sourcecode.cpp.cpp; path = Scene.cpp; sourceTree = "<group>"; };
		1A3343061D5A14790026CCE2 /* Scene.h */ = {isa = PBXFileReference; fileEncoding = 4; lastKnownFileType = sourcecode.c.h; path = Scene.h; sourceTree = "<group>"; };
		1A3343071D5A14790026CCE2 /* SceneService.cpp */ = {isa = PBXFileReference; fileEncoding = 4; lastKnownFileType = sourcecode.cpp.cpp; path = SceneService.cpp; sourceTree = "<group>"; };
		1A3343081D5A14790026CCE2 /* SceneService.h */ = {isa = PBXFileReference; fileEncoding = 4; lastKnownFileType = sourcecode.c.h; path = SceneService.h; sourceTree = "<group>"; };
		1A3343091D5A14790026CCE2 /* Transform.cpp */ = {isa = PBXFileReference; fileEncoding = 4; lastKnownFileType = sourcecode.cpp.cpp; path = Transform.cpp; sourceTree = "<group>"; };
		1A33430A1D5A14790026CCE2 /* Transform.h */ = {isa = PBXFileReference; fileEncoding = 4; lastKnownFileType = sourcecode.c.h; path = Transform.h; sourceTree = "<group>"; };
		1A33430D1D5A14790026CCE2 /* basic_shader.fs */ = {isa = PBXFileReference; fileEncoding = 4; lastKnownFileType = sourcecode.glsl; path = basic_shader.fs; sourceTree = "<group>"; };
		1A33430E1D5A14790026CCE2 /* basic_shader.vs */ = {isa = PBXFileReference; fileEncoding = 4; lastKnownFileType = sourcecode.glsl; path = basic_shader.vs; sourceTree = "<group>"; };
		1A3343131D5A14790026CCE2 /* OglGpuIndexBuffer.cpp */ = {isa = PBXFileReference; fileEncoding = 4; lastKnownFileType = sourcecode.cpp.cpp; path = OglGpuIndexBuffer.cpp; sourceTree = "<group>"; };
		1A3343141D5A14790026CCE2 /* OglGpuIndexBuffer.h */ = {isa = PBXFileReference; fileEncoding = 4; lastKnownFileType = sourcecode.c.h; path = OglGpuIndexBuffer.h; sourceTree = "<group>"; };
		1A3343151D5A14790026CCE2 /* OglGpuRawBuffer.cpp */ = {isa = PBXFileReference; fileEncoding = 4; lastKnownFileType = sourcecode.cpp.cpp; path = OglGpuRawBuffer.cpp; sourceTree = "<group>"; };
		1A3343161D5A14790026CCE2 /* OglGpuRawBuffer.h */ = {isa = PBXFileReference; fileEncoding = 4; lastKnownFileType = sourcecode.c.h; path = OglGpuRawBuffer.h; sourceTree = "<group>"; };
		1A3343171D5A14790026CCE2 /* OglGpuVertexBuffer.cpp */ = {isa = PBXFileReference; fileEncoding = 4; lastKnownFileType = sourcecode.cpp.cpp; path = OglGpuVertexBuffer.cpp; sourceTree = "<group>"; };
		1A3343181D5A14790026CCE2 /* OglGpuVertexBuffer.h */ = {isa = PBXFileReference; fileEncoding = 4; lastKnownFileType = sourcecode.c.h; path = OglGpuVertexBuffer.h; sourceTree = "<group>"; };
		1A3343191D5A14790026CCE2 /* GpuBuffers.h */ = {isa = PBXFileReference; fileEncoding = 4; lastKnownFileType = sourcecode.c.h; path = GpuBuffers.h; sourceTree = "<group>"; };
		1A33431A1D5A14790026CCE2 /* GraphicsService.cpp */ = {isa = PBXFileReference; fileEncoding = 4; lastKnownFileType = sourcecode.cpp.cpp; path = GraphicsService.cpp; sourceTree = "<group>"; };
		1A33431B1D5A14790026CCE2 /* GraphicsService.h */ = {isa = PBXFileReference; fileEncoding = 4; lastKnownFileType = sourcecode.c.h; path = GraphicsService.h; sourceTree = "<group>"; };
		1A33431D1D5A14790026CCE2 /* Material.cpp */ = {isa = PBXFileReference; fileEncoding = 4; lastKnownFileType = sourcecode.cpp.cpp; path = Material.cpp; sourceTree = "<group>"; };
		1A33431E1D5A14790026CCE2 /* Material.h */ = {isa = PBXFileReference; fileEncoding = 4; lastKnownFileType = sourcecode.c.h; path = Material.h; sourceTree = "<group>"; };
		1A33431F1D5A14790026CCE2 /* MaterialProperty.h */ = {isa = PBXFileReference; fileEncoding = 4; lastKnownFileType = sourcecode.c.h; path = MaterialProperty.h; sourceTree = "<group>"; };
		1A3343201D5A14790026CCE2 /* OGLMaterialProperty.h */ = {isa = PBXFileReference; fileEncoding = 4; lastKnownFileType = sourcecode.c.h; path = OGLMaterialProperty.h; sourceTree = "<group>"; };
		1A3343211D5A14790026CCE2 /* Shader.cpp */ = {isa = PBXFileReference; fileEncoding = 4; lastKnownFileType = sourcecode.cpp.cpp; path = Shader.cpp; sourceTree = "<group>"; };
		1A3343221D5A14790026CCE2 /* Shader.h */ = {isa = PBXFileReference; fileEncoding = 4; lastKnownFileType = sourcecode.c.h; path = Shader.h; sourceTree = "<group>"; };
		1A3343241D5A14790026CCE2 /* AbstractRenderer.cpp */ = {isa = PBXFileReference; fileEncoding = 4; lastKnownFileType = sourcecode.cpp.cpp; path = AbstractRenderer.cpp; sourceTree = "<group>"; };
		1A3343251D5A14790026CCE2 /* AbstractRenderer.h */ = {isa = PBXFileReference; fileEncoding = 4; lastKnownFileType = sourcecode.c.h; path = AbstractRenderer.h; sourceTree = "<group>"; };
		1A3343281D5A14790026CCE2 /* AbstractOglRenderer.cpp */ = {isa = PBXFileReference; fileEncoding = 4; lastKnownFileType = sourcecode.cpp.cpp; path = AbstractOglRenderer.cpp; sourceTree = "<group>"; };
		1A3343291D5A14790026CCE2 /* AbstractOglRenderer.h */ = {isa = PBXFileReference; fileEncoding = 4; lastKnownFileType = sourcecode.c.h; path = AbstractOglRenderer.h; sourceTree = "<group>"; };
		1A33432A1D5A14790026CCE2 /* BasicRenderer2d.cpp */ = {isa = PBXFileReference; fileEncoding = 4; lastKnownFileType = sourcecode.cpp.cpp; path = BasicRenderer2d.cpp; sourceTree = "<group>"; };
		1A33432B1D5A14790026CCE2 /* BasicRenderer2d.h */ = {isa = PBXFileReference; fileEncoding = 4; lastKnownFileType = sourcecode.c.h; path = BasicRenderer2d.h; sourceTree = "<group>"; };
		1A33432C1D5A14790026CCE2 /* RenderData.cpp */ = {isa = PBXFileReference; fileEncoding = 4; lastKnownFileType = sourcecode.cpp.cpp; path = RenderData.cpp; sourceTree = "<group>"; };
		1A33432D1D5A14790026CCE2 /* RenderData.h */ = {isa = PBXFileReference; fileEncoding = 4; lastKnownFileType = sourcecode.c.h; path = RenderData.h; sourceTree = "<group>"; };
		1A33432F1D5A14790026CCE2 /* Application.cpp */ = {isa = PBXFileReference; fileEncoding = 4; lastKnownFileType = sourcecode.cpp.cpp; path = Application.cpp; sourceTree = "<group>"; };
		1A3343301D5A14790026CCE2 /* Application.h */ = {isa = PBXFileReference; fileEncoding = 4; lastKnownFileType = sourcecode.c.h; path = Application.h; sourceTree = "<group>"; };
		1A3343311D5A14790026CCE2 /* EventService.cpp */ = {isa = PBXFileReference; fileEncoding = 4; lastKnownFileType = sourcecode.cpp.cpp; path = EventService.cpp; sourceTree = "<group>"; };
		1A3343321D5A14790026CCE2 /* EventService.h */ = {isa = PBXFileReference; fileEncoding = 4; lastKnownFileType = sourcecode.c.h; path = EventService.h; sourceTree = "<group>"; };
		1A3343331D5A14790026CCE2 /* Platform.h */ = {isa = PBXFileReference; fileEncoding = 4; lastKnownFileType = sourcecode.c.h; path = Platform.h; sourceTree = "<group>"; };
		1A3343341D5A14790026CCE2 /* Sandbox.h */ = {isa = PBXFileReference; fileEncoding = 4; lastKnownFileType = sourcecode.c.h; path = Sandbox.h; sourceTree = "<group>"; };
		1A3343351D5A14790026CCE2 /* SString.cpp */ = {isa = PBXFileReference; fileEncoding = 4; lastKnownFileType = sourcecode.cpp.cpp; path = SString.cpp; sourceTree = "<group>"; };
		1A3343361D5A14790026CCE2 /* SString.h */ = {isa = PBXFileReference; fileEncoding = 4; lastKnownFileType = sourcecode.c.h; path = SString.h; sourceTree = "<group>"; };
		1A3343371D5A14790026CCE2 /* Window.cpp */ = {isa = PBXFileReference; fileEncoding = 4; lastKnownFileType = sourcecode.cpp.cpp; path = Window.cpp; sourceTree = "<group>"; };
		1A3343381D5A14790026CCE2 /* Window.h */ = {isa = PBXFileReference; fileEncoding = 4; lastKnownFileType = sourcecode.c.h; path = Window.h; sourceTree = "<group>"; };
		1A33433A1D5A14790026CCE2 /* Mesh.cpp */ = {isa = PBXFileReference; fileEncoding = 4; lastKnownFileType = sourcecode.cpp.cpp; path = Mesh.cpp; sourceTree = "<group>"; };
		1A33433B1D5A14790026CCE2 /* Mesh.h */ = {isa = PBXFileReference; fileEncoding = 4; lastKnownFileType = sourcecode.c.h; path = Mesh.h; sourceTree = "<group>"; };
		1A33433C1D5A14790026CCE2 /* Quad.cpp */ = {isa = PBXFileReference; fileEncoding = 4; lastKnownFileType = sourcecode.cpp.cpp; path = Quad.cpp; sourceTree = "<group>"; };
		1A33433D1D5A14790026CCE2 /* Quad.h */ = {isa = PBXFileReference; fileEncoding = 4; lastKnownFileType = sourcecode.c.h; path = Quad.h; sourceTree = "<group>"; };
		1A33433E1D5A14790026CCE2 /* Vertex.cpp */ = {isa = PBXFileReference; fileEncoding = 4; lastKnownFileType = sourcecode.cpp.cpp; path = Vertex.cpp; sourceTree = "<group>"; };
		1A33433F1D5A14790026CCE2 /* Vertex.h */ = {isa = PBXFileReference; fileEncoding = 4; lastKnownFileType = sourcecode.c.h; path = Vertex.h; sourceTree = "<group>"; };
		1A3343411D5A14790026CCE2 /* MathUtils.h */ = {isa = PBXFileReference; fileEncoding = 4; lastKnownFileType = sourcecode.c.h; path = MathUtils.h; sourceTree = "<group>"; };
		1A3343431D5A14790026CCE2 /* Color.h */ = {isa = PBXFileReference; fileEncoding = 4; lastKnownFileType = sourcecode.c.h; path = Color.h; sourceTree = "<group>"; };
		1A3343441D5A14790026CCE2 /* Singleton.h */ = {isa = PBXFileReference; fileEncoding = 4; lastKnownFileType = sourcecode.c.h; path = Singleton.h; sourceTree = "<group>"; };
		1A3343451D5A14790026CCE2 /* SmartLogger.cpp */ = {isa = PBXFileReference; fileEncoding = 4; lastKnownFileType = sourcecode.cpp.cpp; path = SmartLogger.cpp; sourceTree = "<group>"; };
		1A3343461D5A14790026CCE2 /* SmartLogger.h */ = {isa = PBXFileReference; fileEncoding = 4; lastKnownFileType = sourcecode.c.h; path = SmartLogger.h; sourceTree = "<group>"; };
		1A3343471D5A14790026CCE2 /* StringUtils.cpp */ = {isa = PBXFileReference; fileEncoding = 4; lastKnownFileType = sourcecode.cpp.cpp; path = StringUtils.cpp; sourceTree = "<group>"; };
		1A3343481D5A14790026CCE2 /* StringUtils.h */ = {isa = PBXFileReference; fileEncoding = 4; lastKnownFileType = sourcecode.c.h; path = StringUtils.h; sourceTree = "<group>"; };
		1A3343491D5A14790026CCE2 /* Timer.cpp */ = {isa = PBXFileReference; fileEncoding = 4; lastKnownFileType = sourcecode.cpp.cpp; path = Timer.cpp; sourceTree = "<group>"; };
		1A33434A1D5A14790026CCE2 /* Timer.h */ = {isa = PBXFileReference; fileEncoding = 4; lastKnownFileType = sourcecode.c.h; path = Timer.h; sourceTree = "<group>"; };
		1A51D36A1D5A31EE00A67D0B /* OpenGL.framework */ = {isa = PBXFileReference; lastKnownFileType = wrapper.framework; name = OpenGL.framework; path = System/Library/Frameworks/OpenGL.framework; sourceTree = SDKROOT; };
		1ADED30B1D59D31C0013143F /* Sandbox */ = {isa = PBXFileReference; explicitFileType = "compiled.mach-o.executable"; includeInIndex = 0; path = Sandbox; sourceTree = BUILT_PRODUCTS_DIR; };
		1ADED30E1D59D31C0013143F /* main.cpp */ = {isa = PBXFileReference; lastKnownFileType = sourcecode.cpp.cpp; path = main.cpp; sourceTree = "<group>"; };
/* End PBXFileReference section */

/* Begin PBXFrameworksBuildPhase section */
		1ADED3081D59D31C0013143F /* Frameworks */ = {
			isa = PBXFrameworksBuildPhase;
			buildActionMask = 2147483647;
			files = (
				1A51D36B1D5A31EE00A67D0B /* OpenGL.framework in Frameworks */,
			);
			runOnlyForDeploymentPostprocessing = 0;
		};
/* End PBXFrameworksBuildPhase section */

/* Begin PBXGroup section */
		1A3342F51D5A14790026CCE2 /* scene */ = {
			isa = PBXGroup;
			children = (
				1A3342F61D5A14790026CCE2 /* entities */,
				1A3342FB1D5A14790026CCE2 /* features */,
				1A3343051D5A14790026CCE2 /* Scene.cpp */,
				1A3343061D5A14790026CCE2 /* Scene.h */,
				1A3343071D5A14790026CCE2 /* SceneService.cpp */,
				1A3343081D5A14790026CCE2 /* SceneService.h */,
				1A3343091D5A14790026CCE2 /* Transform.cpp */,
				1A33430A1D5A14790026CCE2 /* Transform.h */,
			);
			name = scene;
			path = ../../../../Sandbox/scene;
			sourceTree = "<group>";
		};
		1A3342F61D5A14790026CCE2 /* entities */ = {
			isa = PBXGroup;
			children = (
				1A3342F71D5A14790026CCE2 /* EEntity.cpp */,
				1A3342F81D5A14790026CCE2 /* EEntity.h */,
				1A3342F91D5A14790026CCE2 /* EQuad.cpp */,
				1A3342FA1D5A14790026CCE2 /* EQuad.h */,
			);
			path = entities;
			sourceTree = "<group>";
		};
		1A3342FB1D5A14790026CCE2 /* features */ = {
			isa = PBXGroup;
			children = (
				1A3342FC1D5A14790026CCE2 /* FFeature.cpp */,
				1A3342FD1D5A14790026CCE2 /* FFeature.h */,
				1A3342FE1D5A14790026CCE2 /* FUpdatable.cpp */,
				1A3342FF1D5A14790026CCE2 /* FUpdatable.h */,
				1A3343001D5A14790026CCE2 /* renderables */,
			);
			path = features;
			sourceTree = "<group>";
		};
		1A3343001D5A14790026CCE2 /* renderables */ = {
			isa = PBXGroup;
			children = (
				1A3343011D5A14790026CCE2 /* FRenderable.cpp */,
				1A3343021D5A14790026CCE2 /* FRenderable.h */,
				1A3343031D5A14790026CCE2 /* FRenderable2d.cpp */,
				1A3343041D5A14790026CCE2 /* FRenderable2d.h */,
			);
			path = renderables;
			sourceTree = "<group>";
		};
		1A33430B1D5A14790026CCE2 /* resources */ = {
			isa = PBXGroup;
			children = (
				1A33430C1D5A14790026CCE2 /* shaders */,
			);
			name = resources;
			path = ../../../../Sandbox/resources;
			sourceTree = "<group>";
		};
		1A33430C1D5A14790026CCE2 /* shaders */ = {
			isa = PBXGroup;
			children = (
				1A33430D1D5A14790026CCE2 /* basic_shader.fs */,
				1A33430E1D5A14790026CCE2 /* basic_shader.vs */,
			);
			path = shaders;
			sourceTree = "<group>";
		};
		1A33430F1D5A14790026CCE2 /* graphics */ = {
			isa = PBXGroup;
			children = (
				1A3343101D5A14790026CCE2 /* buffers */,
				1A33431A1D5A14790026CCE2 /* GraphicsService.cpp */,
				1A33431B1D5A14790026CCE2 /* GraphicsService.h */,
				1A33431C1D5A14790026CCE2 /* materials */,
				1A3343231D5A14790026CCE2 /* renderers */,
			);
			name = graphics;
			path = ../../../../Sandbox/graphics;
			sourceTree = "<group>";
		};
		1A3343101D5A14790026CCE2 /* buffers */ = {
			isa = PBXGroup;
			children = (
				1A3343111D5A14790026CCE2 /* api */,
				1A3343191D5A14790026CCE2 /* GpuBuffers.h */,
			);
			path = buffers;
			sourceTree = "<group>";
		};
		1A3343111D5A14790026CCE2 /* api */ = {
			isa = PBXGroup;
			children = (
				1A3343121D5A14790026CCE2 /* opengl */,
			);
			path = api;
			sourceTree = "<group>";
		};
		1A3343121D5A14790026CCE2 /* opengl */ = {
			isa = PBXGroup;
			children = (
				1A3343131D5A14790026CCE2 /* OglGpuIndexBuffer.cpp */,
				1A3343141D5A14790026CCE2 /* OglGpuIndexBuffer.h */,
				1A3343151D5A14790026CCE2 /* OglGpuRawBuffer.cpp */,
				1A3343161D5A14790026CCE2 /* OglGpuRawBuffer.h */,
				1A3343171D5A14790026CCE2 /* OglGpuVertexBuffer.cpp */,
				1A3343181D5A14790026CCE2 /* OglGpuVertexBuffer.h */,
			);
			path = opengl;
			sourceTree = "<group>";
		};
		1A33431C1D5A14790026CCE2 /* materials */ = {
			isa = PBXGroup;
			children = (
				1A33431D1D5A14790026CCE2 /* Material.cpp */,
				1A33431E1D5A14790026CCE2 /* Material.h */,
				1A33431F1D5A14790026CCE2 /* MaterialProperty.h */,
				1A3343201D5A14790026CCE2 /* OGLMaterialProperty.h */,
				1A3343211D5A14790026CCE2 /* Shader.cpp */,
				1A3343221D5A14790026CCE2 /* Shader.h */,
			);
			path = materials;
			sourceTree = "<group>";
		};
		1A3343231D5A14790026CCE2 /* renderers */ = {
			isa = PBXGroup;
			children = (
				1A3343241D5A14790026CCE2 /* AbstractRenderer.cpp */,
				1A3343251D5A14790026CCE2 /* AbstractRenderer.h */,
				1A3343261D5A14790026CCE2 /* api */,
				1A33432C1D5A14790026CCE2 /* RenderData.cpp */,
				1A33432D1D5A14790026CCE2 /* RenderData.h */,
			);
			path = renderers;
			sourceTree = "<group>";
		};
		1A3343261D5A14790026CCE2 /* api */ = {
			isa = PBXGroup;
			children = (
				1A3343271D5A14790026CCE2 /* opengl */,
			);
			path = api;
			sourceTree = "<group>";
		};
		1A3343271D5A14790026CCE2 /* opengl */ = {
			isa = PBXGroup;
			children = (
				1A3343281D5A14790026CCE2 /* AbstractOglRenderer.cpp */,
				1A3343291D5A14790026CCE2 /* AbstractOglRenderer.h */,
				1A33432A1D5A14790026CCE2 /* BasicRenderer2d.cpp */,
				1A33432B1D5A14790026CCE2 /* BasicRenderer2d.h */,
			);
			path = opengl;
			sourceTree = "<group>";
		};
		1A33432E1D5A14790026CCE2 /* core */ = {
			isa = PBXGroup;
			children = (
				1A33432F1D5A14790026CCE2 /* Application.cpp */,
				1A3343301D5A14790026CCE2 /* Application.h */,
				1A3343311D5A14790026CCE2 /* EventService.cpp */,
				1A3343321D5A14790026CCE2 /* EventService.h */,
				1A3343331D5A14790026CCE2 /* Platform.h */,
				1A3343341D5A14790026CCE2 /* Sandbox.h */,
				1A3343351D5A14790026CCE2 /* SString.cpp */,
				1A3343361D5A14790026CCE2 /* SString.h */,
				1A3343371D5A14790026CCE2 /* Window.cpp */,
				1A3343381D5A14790026CCE2 /* Window.h */,
			);
			name = core;
			path = ../../../../Sandbox/core;
			sourceTree = "<group>";
		};
		1A3343391D5A14790026CCE2 /* geometry */ = {
			isa = PBXGroup;
			children = (
				1A33433A1D5A14790026CCE2 /* Mesh.cpp */,
				1A33433B1D5A14790026CCE2 /* Mesh.h */,
				1A33433C1D5A14790026CCE2 /* Quad.cpp */,
				1A33433D1D5A14790026CCE2 /* Quad.h */,
				1A33433E1D5A14790026CCE2 /* Vertex.cpp */,
				1A33433F1D5A14790026CCE2 /* Vertex.h */,
			);
			name = geometry;
			path = ../../../../Sandbox/geometry;
			sourceTree = "<group>";
		};
		1A3343401D5A14790026CCE2 /* math */ = {
			isa = PBXGroup;
			children = (
				1A3343411D5A14790026CCE2 /* MathUtils.h */,
			);
			name = math;
			path = ../../../../Sandbox/math;
			sourceTree = "<group>";
		};
		1A3343421D5A14790026CCE2 /* utils */ = {
			isa = PBXGroup;
			children = (
				1A3343431D5A14790026CCE2 /* Color.h */,
				1A3343441D5A14790026CCE2 /* Singleton.h */,
				1A3343451D5A14790026CCE2 /* SmartLogger.cpp */,
				1A3343461D5A14790026CCE2 /* SmartLogger.h */,
				1A3343471D5A14790026CCE2 /* StringUtils.cpp */,
				1A3343481D5A14790026CCE2 /* StringUtils.h */,
				1A3343491D5A14790026CCE2 /* Timer.cpp */,
				1A33434A1D5A14790026CCE2 /* Timer.h */,
			);
			name = utils;
			path = ../../../../Sandbox/utils;
			sourceTree = "<group>";
		};
		1A51D36C1D5A31F400A67D0B /* libs */ = {
			isa = PBXGroup;
			children = (
				1A51D36A1D5A31EE00A67D0B /* OpenGL.framework */,
			);
			name = libs;
			sourceTree = "<group>";
		};
		1ADED3021D59D31C0013143F = {
			isa = PBXGroup;
			children = (
				1A51D36C1D5A31F400A67D0B /* libs */,
				1ADED30D1D59D31C0013143F /* Sandbox */,
				1ADED30C1D59D31C0013143F /* Products */,
			);
			sourceTree = "<group>";
		};
		1ADED30C1D59D31C0013143F /* Products */ = {
			isa = PBXGroup;
			children = (
				1ADED30B1D59D31C0013143F /* Sandbox */,
			);
			name = Products;
			sourceTree = "<group>";
		};
		1ADED30D1D59D31C0013143F /* Sandbox */ = {
			isa = PBXGroup;
			children = (
				1A3342F51D5A14790026CCE2 /* scene */,
				1A33430B1D5A14790026CCE2 /* resources */,
				1A33430F1D5A14790026CCE2 /* graphics */,
				1A33432E1D5A14790026CCE2 /* core */,
				1A3343391D5A14790026CCE2 /* geometry */,
				1A3343401D5A14790026CCE2 /* math */,
				1A3343421D5A14790026CCE2 /* utils */,
				1ADED30E1D59D31C0013143F /* main.cpp */,
			);
			path = Sandbox;
			sourceTree = "<group>";
		};
/* End PBXGroup section */

/* Begin PBXNativeTarget section */
		1ADED30A1D59D31C0013143F /* Sandbox */ = {
			isa = PBXNativeTarget;
			buildConfigurationList = 1ADED3121D59D31C0013143F /* Build configuration list for PBXNativeTarget "Sandbox" */;
			buildPhases = (
				1ADED3071D59D31C0013143F /* Sources */,
				1ADED3081D59D31C0013143F /* Frameworks */,
				1ADED3091D59D31C0013143F /* CopyFiles */,
			);
			buildRules = (
			);
			dependencies = (
			);
			name = Sandbox;
			productName = Sandbox;
			productReference = 1ADED30B1D59D31C0013143F /* Sandbox */;
			productType = "com.apple.product-type.tool";
		};
/* End PBXNativeTarget section */

/* Begin PBXProject section */
		1ADED3031D59D31C0013143F /* Project object */ = {
			isa = PBXProject;
			attributes = {
				LastUpgradeCheck = 0710;
				ORGANIZATIONNAME = Jonathan;
				TargetAttributes = {
					1ADED30A1D59D31C0013143F = {
						CreatedOnToolsVersion = 7.1.1;
					};
				};
			};
			buildConfigurationList = 1ADED3061D59D31C0013143F /* Build configuration list for PBXProject "Sandbox" */;
			compatibilityVersion = "Xcode 3.2";
			developmentRegion = English;
			hasScannedForEncodings = 0;
			knownRegions = (
				en,
			);
			mainGroup = 1ADED3021D59D31C0013143F;
			productRefGroup = 1ADED30C1D59D31C0013143F /* Products */;
			projectDirPath = "";
			projectRoot = "";
			targets = (
				1ADED30A1D59D31C0013143F /* Sandbox */,
			);
		};
/* End PBXProject section */

/* Begin PBXSourcesBuildPhase section */
		1ADED3071D59D31C0013143F /* Sources */ = {
			isa = PBXSourcesBuildPhase;
			buildActionMask = 2147483647;
			files = (
				1A3343531D5A14790026CCE2 /* Transform.cpp in Sources */,
				1A33435B1D5A14790026CCE2 /* AbstractOglRenderer.cpp in Sources */,
				1A3343511D5A14790026CCE2 /* Scene.cpp in Sources */,
				1A3343671D5A14790026CCE2 /* Timer.cpp in Sources */,
				1A3343591D5A14790026CCE2 /* Shader.cpp in Sources */,
				1A33434B1D5A14790026CCE2 /* EEntity.cpp in Sources */,
				1A33435A1D5A14790026CCE2 /* AbstractRenderer.cpp in Sources */,
				1A3343541D5A14790026CCE2 /* OglGpuIndexBuffer.cpp in Sources */,
				1A3343571D5A14790026CCE2 /* GraphicsService.cpp in Sources */,
				1A3343521D5A14790026CCE2 /* SceneService.cpp in Sources */,
				1A3343501D5A14790026CCE2 /* FRenderable2d.cpp in Sources */,
				1A33434C1D5A14790026CCE2 /* EQuad.cpp in Sources */,
				1A33435C1D5A14790026CCE2 /* BasicRenderer2d.cpp in Sources */,
				1A3343581D5A14790026CCE2 /* Material.cpp in Sources */,
				1A3343561D5A14790026CCE2 /* OglGpuVertexBuffer.cpp in Sources */,
				1ADED30F1D59D31C0013143F /* main.cpp in Sources */,
				1A3343651D5A14790026CCE2 /* SmartLogger.cpp in Sources */,
				1A33434E1D5A14790026CCE2 /* FUpdatable.cpp in Sources */,
				1A33434F1D5A14790026CCE2 /* FRenderable.cpp in Sources */,
				1A33435D1D5A14790026CCE2 /* RenderData.cpp in Sources */,
				1A3343661D5A14790026CCE2 /* StringUtils.cpp in Sources */,
				1A3343631D5A14790026CCE2 /* Quad.cpp in Sources */,
				1A3343551D5A14790026CCE2 /* OglGpuRawBuffer.cpp in Sources */,
				1A3343611D5A14790026CCE2 /* Window.cpp in Sources */,
				1A3343641D5A14790026CCE2 /* Vertex.cpp in Sources */,
				1A3343601D5A14790026CCE2 /* SString.cpp in Sources */,
				1A33434D1D5A14790026CCE2 /* FFeature.cpp in Sources */,
				1A33435F1D5A14790026CCE2 /* EventService.cpp in Sources */,
				1A33435E1D5A14790026CCE2 /* Application.cpp in Sources */,
				1A3343621D5A14790026CCE2 /* Mesh.cpp in Sources */,
			);
			runOnlyForDeploymentPostprocessing = 0;
		};
/* End PBXSourcesBuildPhase section */

/* Begin XCBuildConfiguration section */
		1ADED3101D59D31C0013143F /* Debug */ = {
			isa = XCBuildConfiguration;
			buildSettings = {
				ALWAYS_SEARCH_USER_PATHS = NO;
				CLANG_CXX_LANGUAGE_STANDARD = "gnu++0x";
				CLANG_CXX_LIBRARY = "libc++";
				CLANG_ENABLE_MODULES = YES;
				CLANG_ENABLE_OBJC_ARC = YES;
				CLANG_WARN_BOOL_CONVERSION = YES;
				CLANG_WARN_CONSTANT_CONVERSION = YES;
				CLANG_WARN_DIRECT_OBJC_ISA_USAGE = YES_ERROR;
				CLANG_WARN_EMPTY_BODY = YES;
				CLANG_WARN_ENUM_CONVERSION = YES;
				CLANG_WARN_INT_CONVERSION = YES;
				CLANG_WARN_OBJC_ROOT_CLASS = YES_ERROR;
				CLANG_WARN_UNREACHABLE_CODE = YES;
				CLANG_WARN__DUPLICATE_METHOD_MATCH = YES;
				CODE_SIGN_IDENTITY = "-";
				COPY_PHASE_STRIP = NO;
				DEBUG_INFORMATION_FORMAT = dwarf;
				ENABLE_STRICT_OBJC_MSGSEND = YES;
				ENABLE_TESTABILITY = YES;
				GCC_C_LANGUAGE_STANDARD = gnu99;
				GCC_DYNAMIC_NO_PIC = NO;
				GCC_NO_COMMON_BLOCKS = YES;
				GCC_OPTIMIZATION_LEVEL = 0;
				GCC_PREPROCESSOR_DEFINITIONS = (
					"DEBUG=1",
					"$(inherited)",
				);
				GCC_WARN_64_TO_32_BIT_CONVERSION = YES;
				GCC_WARN_ABOUT_RETURN_TYPE = YES_ERROR;
				GCC_WARN_UNDECLARED_SELECTOR = YES;
				GCC_WARN_UNINITIALIZED_AUTOS = YES_AGGRESSIVE;
				GCC_WARN_UNUSED_FUNCTION = YES;
				GCC_WARN_UNUSED_VARIABLE = YES;
				LIBRARY_SEARCH_PATHS = "../../../..//ThirdParty/glew/lib/x64";
				MACOSX_DEPLOYMENT_TARGET = 10.10;
				MTL_ENABLE_DEBUG_INFO = YES;
				ONLY_ACTIVE_ARCH = YES;
				SDKROOT = macosx;
			};
			name = Debug;
		};
		1ADED3111D59D31C0013143F /* Release */ = {
			isa = XCBuildConfiguration;
			buildSettings = {
				ALWAYS_SEARCH_USER_PATHS = NO;
				CLANG_CXX_LANGUAGE_STANDARD = "gnu++0x";
				CLANG_CXX_LIBRARY = "libc++";
				CLANG_ENABLE_MODULES = YES;
				CLANG_ENABLE_OBJC_ARC = YES;
				CLANG_WARN_BOOL_CONVERSION = YES;
				CLANG_WARN_CONSTANT_CONVERSION = YES;
				CLANG_WARN_DIRECT_OBJC_ISA_USAGE = YES_ERROR;
				CLANG_WARN_EMPTY_BODY = YES;
				CLANG_WARN_ENUM_CONVERSION = YES;
				CLANG_WARN_INT_CONVERSION = YES;
				CLANG_WARN_OBJC_ROOT_CLASS = YES_ERROR;
				CLANG_WARN_UNREACHABLE_CODE = YES;
				CLANG_WARN__DUPLICATE_METHOD_MATCH = YES;
				CODE_SIGN_IDENTITY = "-";
				COPY_PHASE_STRIP = NO;
				DEBUG_INFORMATION_FORMAT = "dwarf-with-dsym";
				ENABLE_NS_ASSERTIONS = NO;
				ENABLE_STRICT_OBJC_MSGSEND = YES;
				GCC_C_LANGUAGE_STANDARD = gnu99;
				GCC_NO_COMMON_BLOCKS = YES;
				GCC_WARN_64_TO_32_BIT_CONVERSION = YES;
				GCC_WARN_ABOUT_RETURN_TYPE = YES_ERROR;
				GCC_WARN_UNDECLARED_SELECTOR = YES;
				GCC_WARN_UNINITIALIZED_AUTOS = YES_AGGRESSIVE;
				GCC_WARN_UNUSED_FUNCTION = YES;
				GCC_WARN_UNUSED_VARIABLE = YES;
				LIBRARY_SEARCH_PATHS = "../../../..//ThirdParty/glew/lib/x64";
				MACOSX_DEPLOYMENT_TARGET = 10.10;
				MTL_ENABLE_DEBUG_INFO = NO;
				SDKROOT = macosx;
			};
			name = Release;
		};
		1ADED3131D59D31C0013143F /* Debug */ = {
			isa = XCBuildConfiguration;
			buildSettings = {
				HEADER_SEARCH_PATHS = "../../../../ThirdParty/glm ";
				PRODUCT_NAME = "$(TARGET_NAME)";
			};
			name = Debug;
		};
		1ADED3141D59D31C0013143F /* Release */ = {
			isa = XCBuildConfiguration;
			buildSettings = {
				HEADER_SEARCH_PATHS = "../../../../ThirdParty/glm ";
				PRODUCT_NAME = "$(TARGET_NAME)";
			};
			name = Release;
		};
/* End XCBuildConfiguration section */

/* Begin XCConfigurationList section */
		1ADED3061D59D31C0013143F /* Build configuration list for PBXProject "Sandbox" */ = {
			isa = XCConfigurationList;
			buildConfigurations = (
				1ADED3101D59D31C0013143F /* Debug */,
				1ADED3111D59D31C0013143F /* Release */,
			);
			defaultConfigurationIsVisible = 0;
			defaultConfigurationName = Release;
		};
		1ADED3121D59D31C0013143F /* Build configuration list for PBXNativeTarget "Sandbox" */ = {
			isa = XCConfigurationList;
			buildConfigurations = (
				1ADED3131D59D31C0013143F /* Debug */,
				1ADED3141D59D31C0013143F /* Release */,
			);
			defaultConfigurationIsVisible = 0;
			defaultConfigurationName = Release;
		};
/* End XCConfigurationList section */
	};
	rootObject = 1ADED3031D59D31C0013143F /* Project object */;
}
