<?xml version="1.0" encoding="utf-8"?>
<Project ToolsVersion="4.0" xmlns="http://schemas.microsoft.com/developer/msbuild/2003">
  <ItemGroup>
    <Filter Include="Source Files">
      <UniqueIdentifier>{4FC737F1-C7A5-4376-A066-2A32D752A2FF}</UniqueIdentifier>
      <Extensions>cpp;c;cc;cxx;def;odl;idl;hpj;bat;asm;asmx</Extensions>
    </Filter>
    <Filter Include="Header Files">
      <UniqueIdentifier>{93995380-89BD-4b04-88EB-625FBE52EBFB}</UniqueIdentifier>
      <Extensions>h;hh;hpp;hxx;hm;inl;inc;xsd</Extensions>
    </Filter>
    <Filter Include="Resource Files">
      <UniqueIdentifier>{67DA6AB6-F800-4c08-8B7A-83BB121AAD01}</UniqueIdentifier>
      <Extensions>rc;ico;cur;bmp;dlg;rc2;rct;bin;rgs;gif;jpg;jpeg;jpe;resx;tiff;tif;png;wav;mfcribbon-ms</Extensions>
    </Filter>
  </ItemGroup>
  <ItemGroup>
    <ClInclude Include="core\Platform.h">
      <Filter>Header Files</Filter>
    </ClInclude>
    <ClInclude Include="core\Application.h">
      <Filter>Header Files</Filter>
    </ClInclude>
    <ClInclude Include="core\Window.h">
      <Filter>Header Files</Filter>
    </ClInclude>
    <ClInclude Include="utils\Singleton.h">
      <Filter>Header Files</Filter>
    </ClInclude>
    <ClInclude Include="utils\SmartLogger.h">
      <Filter>Header Files</Filter>
    </ClInclude>
    <ClInclude Include="utils\StringUtils.h">
      <Filter>Header Files</Filter>
    </ClInclude>
    <ClInclude Include="utils\Timer.h">
      <Filter>Header Files</Filter>
    </ClInclude>
    <ClInclude Include="core\Sandbox.h">
      <Filter>Header Files</Filter>
    </ClInclude>
    <ClInclude Include="math\MathUtils.h">
      <Filter>Header Files</Filter>
    </ClInclude>
    <ClInclude Include="core\SString.h">
      <Filter>Header Files</Filter>
    </ClInclude>
    <ClInclude Include="scene\features\renderables\FRenderable.h">
      <Filter>Header Files</Filter>
    </ClInclude>
    <ClInclude Include="scene\features\renderables\FRenderable2d.h">
      <Filter>Header Files</Filter>
    </ClInclude>
    <ClInclude Include="scene\features\FFeature.h">
      <Filter>Header Files</Filter>
    </ClInclude>
    <ClInclude Include="core\EventService.h">
      <Filter>Header Files</Filter>
    </ClInclude>
    <ClInclude Include="scene\entities\EEntity.h">
      <Filter>Header Files</Filter>
    </ClInclude>
    <ClInclude Include="scene\Scene.h">
      <Filter>Header Files</Filter>
    </ClInclude>
    <ClInclude Include="scene\SceneService.h">
      <Filter>Header Files</Filter>
    </ClInclude>
    <ClInclude Include="scene\Transform.h">
      <Filter>Header Files</Filter>
    </ClInclude>
    <ClInclude Include="scene\features\FUpdatable.h">
      <Filter>Header Files</Filter>
    </ClInclude>
    <ClInclude Include="scene\entities\EQuad.h">
      <Filter>Header Files</Filter>
    </ClInclude>
    <ClInclude Include="scene\features\renderables\FQuadRenderable.h">
      <Filter>Header Files</Filter>
    </ClInclude>
    <ClInclude Include="geometry\Mesh.h">
      <Filter>Header Files</Filter>
    </ClInclude>
    <ClInclude Include="geometry\Vertex.h">
      <Filter>Header Files</Filter>
    </ClInclude>
    <ClInclude Include="geometry\Quad.h">
      <Filter>Header Files</Filter>
    </ClInclude>
    <ClInclude Include="graphics\materials\Material.h">
      <Filter>Header Files</Filter>
    </ClInclude>
    <ClInclude Include="graphics\materials\MaterialProperty.h">
      <Filter>Header Files</Filter>
    </ClInclude>
    <ClInclude Include="graphics\materials\OGLMaterialProperty.h">
      <Filter>Header Files</Filter>
    </ClInclude>
    <ClInclude Include="graphics\materials\Shader.h">
      <Filter>Header Files</Filter>
    </ClInclude>
    <ClInclude Include="utils\Color.h">
      <Filter>Header Files</Filter>
    </ClInclude>
    <ClInclude Include="graphics\buffers\RenderData.h">
      <Filter>Header Files</Filter>
    </ClInclude>
    <ClInclude Include="graphics\buffers\api\opengl\OglGpuIndexBuffer.h">
      <Filter>Header Files</Filter>
    </ClInclude>
    <ClInclude Include="graphics\buffers\api\opengl\OglGpuRawBuffer.h">
      <Filter>Header Files</Filter>
    </ClInclude>
    <ClInclude Include="graphics\buffers\GpuBuffers.h">
      <Filter>Header Files</Filter>
    </ClInclude>
    <ClInclude Include="graphics\GraphicsService.h">
      <Filter>Header Files</Filter>
    </ClInclude>
    <ClInclude Include="graphics\renderers\api\opengl\BasicRenderer2d.h">
      <Filter>Header Files</Filter>
    </ClInclude>
    <ClInclude Include="graphics\renderers\AbstractRenderer.h">
      <Filter>Header Files</Filter>
    </ClInclude>
    <ClInclude Include="graphics\renderers\api\opengl\AbstractOglRenderer.h">
      <Filter>Header Files</Filter>
    </ClInclude>
    <ClInclude Include="graphics\buffers\api\opengl\OglGpuVertexBuffer.h">
      <Filter>Header Files</Filter>
    </ClInclude>
  </ItemGroup>
  <ItemGroup>
    <ClCompile Include="core\Application.cpp">
      <Filter>Source Files</Filter>
    </ClCompile>
    <ClCompile Include="core\Window.cpp">
      <Filter>Source Files</Filter>
    </ClCompile>
    <ClCompile Include="utils\SmartLogger.cpp">
      <Filter>Source Files</Filter>
    </ClCompile>
    <ClCompile Include="utils\StringUtils.cpp">
      <Filter>Source Files</Filter>
    </ClCompile>
    <ClCompile Include="utils\Timer.cpp">
      <Filter>Source Files</Filter>
    </ClCompile>
    <ClCompile Include="core\SString.cpp">
      <Filter>Source Files</Filter>
    </ClCompile>
    <ClCompile Include="scene\features\renderables\FRenderable.cpp">
      <Filter>Source Files</Filter>
    </ClCompile>
    <ClCompile Include="scene\features\renderables\FRenderable2d.cpp">
      <Filter>Source Files</Filter>
    </ClCompile>
    <ClCompile Include="scene\features\FFeature.cpp">
      <Filter>Source Files</Filter>
    </ClCompile>
    <ClCompile Include="core\EventService.cpp">
      <Filter>Source Files</Filter>
    </ClCompile>
    <ClCompile Include="scene\entities\EEntity.cpp">
      <Filter>Source Files</Filter>
    </ClCompile>
    <ClCompile Include="scene\Scene.cpp">
      <Filter>Source Files</Filter>
    </ClCompile>
    <ClCompile Include="scene\SceneService.cpp">
      <Filter>Source Files</Filter>
    </ClCompile>
    <ClCompile Include="scene\Transform.cpp">
      <Filter>Source Files</Filter>
    </ClCompile>
    <ClCompile Include="scene\features\FUpdatable.cpp">
      <Filter>Source Files</Filter>
    </ClCompile>
    <ClCompile Include="scene\entities\EQuad.cpp">
      <Filter>Source Files</Filter>
    </ClCompile>
    <ClCompile Include="scene\features\renderables\FQuadRenderable.cpp">
      <Filter>Source Files</Filter>
    </ClCompile>
    <ClCompile Include="geometry\Mesh.cpp">
      <Filter>Source Files</Filter>
    </ClCompile>
    <ClCompile Include="geometry\Vertex.cpp">
      <Filter>Source Files</Filter>
    </ClCompile>
    <ClCompile Include="geometry\Quad.cpp">
      <Filter>Source Files</Filter>
    </ClCompile>
    <ClCompile Include="graphics\materials\Material.cpp">
      <Filter>Source Files</Filter>
    </ClCompile>
    <ClCompile Include="graphics\materials\Shader.cpp">
      <Filter>Source Files</Filter>
    </ClCompile>
    <ClCompile Include="graphics\buffers\RenderData.cpp">
      <Filter>Source Files</Filter>
    </ClCompile>
    <ClCompile Include="graphics\buffers\api\opengl\OglGpuIndexBuffer.cpp">
      <Filter>Source Files</Filter>
    </ClCompile>
    <ClCompile Include="graphics\buffers\api\opengl\OglGpuRawBuffer.cpp">
      <Filter>Source Files</Filter>
    </ClCompile>
    <ClCompile Include="graphics\GraphicsService.cpp">
      <Filter>Source Files</Filter>
    </ClCompile>
    <ClCompile Include="graphics\renderers\api\opengl\BasicRenderer2d.cpp">
      <Filter>Source Files</Filter>
    </ClCompile>
    <ClCompile Include="graphics\renderers\AbstractRenderer.cpp">
      <Filter>Source Files</Filter>
    </ClCompile>
    <ClCompile Include="graphics\renderers\api\opengl\AbstractOglRenderer.cpp">
      <Filter>Source Files</Filter>
    </ClCompile>
    <ClCompile Include="graphics\buffers\api\opengl\OglGpuVertexBuffer.cpp">
      <Filter>Source Files</Filter>
    </ClCompile>
  </ItemGroup>
  <ItemGroup>
    <None Include="resources\shaders\basic_shader.fs" />
    <None Include="resources\shaders\basic_shader.vs" />
  </ItemGroup>
</Project>